
Microsoft Visual Studio Solution File, Format Version 12.00
# Visual Studio 15
VisualStudioVersion = 15.0.28307.421
MinimumVisualStudioVersion = 10.0.40219.1
Project("{FAE04EC0-301F-11D3-BF4B-00C04F79EFBC}") = "TodoAPI", "TodoAPI\TodoAPI.csproj", "{03FD2624-EAAE-4089-AB7E-2C2FD08499DE}"
EndProject
Project("{FAE04EC0-301F-11D3-BF4B-00C04F79EFBC}") = "Library", "Library\Library.csproj", "{5B4CED51-A5F7-4572-AF51-0992AB75A98E}"
EndProject
Global
	GlobalSection(SolutionConfigurationPlatforms) = preSolution
		Debug|Any CPU = Debug|Any CPU
		Release|Any CPU = Release|Any CPU
	EndGlobalSection
	GlobalSection(ProjectConfigurationPlatforms) = postSolution
		{03FD2624-EAAE-4089-AB7E-2C2FD08499DE}.Debug|Any CPU.ActiveCfg = Debug|Any CPU
		{03FD2624-EAAE-4089-AB7E-2C2FD08499DE}.Debug|Any CPU.Build.0 = Debug|Any CPU
		{03FD2624-EAAE-4089-AB7E-2C2FD08499DE}.Release|Any CPU.ActiveCfg = Release|Any CPU
		{03FD2624-EAAE-4089-AB7E-2C2FD08499DE}.Release|Any CPU.Build.0 = Release|Any CPU
		{5B4CED51-A5F7-4572-AF51-0992AB75A98E}.Debug|Any CPU.ActiveCfg = Debug|Any CPU
		{5B4CED51-A5F7-4572-AF51-0992AB75A98E}.Debug|Any CPU.Build.0 = Debug|Any CPU
		{5B4CED51-A5F7-4572-AF51-0992AB75A98E}.Release|Any CPU.ActiveCfg = Release|Any CPU
		{5B4CED51-A5F7-4572-AF51-0992AB75A98E}.Release|Any CPU.Build.0 = Release|Any CPU
	EndGlobalSection
	GlobalSection(SolutionProperties) = preSolution
		HideSolutionNode = FALSE
	EndGlobalSection
	GlobalSection(ExtensibilityGlobals) = postSolution
		SolutionGuid = {E8BD215F-454E-4765-82B4-162A1AA548DE}
	EndGlobalSection
EndGlobal
