Microsoft Visual Studio Solution File, Format Version 12.00
# Visual Studio Version 16
VisualStudioVersion = 16.0.29411.108
MinimumVisualStudioVersion = 10.0.40219.1
Project("{D954291E-2A0B-460D-934E-DC6B0785DB48}") = "TP1_Shared", "TP1_Shared\TP1_Shared.shproj", "{BC451EAA-8F9D-4399-A676-9DE064B9523C}"
EndProject
Project("{FAE04EC0-301F-11D3-BF4B-00C04F79EFBC}") = "TP1_Shared.Droid", "Droid\TP1_Shared.Droid.csproj", "{202F0EE9-9189-47F4-BDAE-3E9AD6D07207}"
EndProject
Project("{FAE04EC0-301F-11D3-BF4B-00C04F79EFBC}") = "TP1_Shared.iOS", "iOS\TP1_Shared.iOS.csproj", "{29A58B8A-054A-4D88-BBB1-E773B806A899}"
EndProject
Global
	GlobalSection(SharedMSBuildProjectFiles) = preSolution
		TP1_Shared\TP1_Shared.projitems*{bc451eaa-8f9d-4399-a676-9de064b9523c}*SharedItemsImports = 13
	EndGlobalSection
	GlobalSection(SolutionConfigurationPlatforms) = preSolution
		Debug|Any CPU = Debug|Any CPU
		Debug|iPhone = Debug|iPhone
		Debug|iPhoneSimulator = Debug|iPhoneSimulator
		Release|Any CPU = Release|Any CPU
		Release|iPhone = Release|iPhone
		Release|iPhoneSimulator = Release|iPhoneSimulator
	EndGlobalSection
	GlobalSection(ProjectConfigurationPlatforms) = postSolution
		{202F0EE9-9189-47F4-BDAE-3E9AD6D07207}.Debug|Any CPU.ActiveCfg = Debug|Any CPU
		{202F0EE9-9189-47F4-BDAE-3E9AD6D07207}.Debug|Any CPU.Build.0 = Debug|Any CPU
		{202F0EE9-9189-47F4-BDAE-3E9AD6D07207}.Debug|iPhone.ActiveCfg = Debug|Any CPU
		{202F0EE9-9189-47F4-BDAE-3E9AD6D07207}.Debug|iPhone.Build.0 = Debug|Any CPU
		{202F0EE9-9189-47F4-BDAE-3E9AD6D07207}.Debug|iPhoneSimulator.ActiveCfg = Debug|Any CPU
		{202F0EE9-9189-47F4-BDAE-3E9AD6D07207}.Debug|iPhoneSimulator.Build.0 = Debug|Any CPU
		{202F0EE9-9189-47F4-BDAE-3E9AD6D07207}.Release|Any CPU.ActiveCfg = Release|Any CPU
		{202F0EE9-9189-47F4-BDAE-3E9AD6D07207}.Release|Any CPU.Build.0 = Release|Any CPU
		{202F0EE9-9189-47F4-BDAE-3E9AD6D07207}.Release|iPhone.ActiveCfg = Release|Any CPU
		{202F0EE9-9189-47F4-BDAE-3E9AD6D07207}.Release|iPhone.Build.0 = Release|Any CPU
		{202F0EE9-9189-47F4-BDAE-3E9AD6D07207}.Release|iPhoneSimulator.ActiveCfg = Release|Any CPU
		{202F0EE9-9189-47F4-BDAE-3E9AD6D07207}.Release|iPhoneSimulator.Build.0 = Release|Any CPU
		{29A58B8A-054A-4D88-BBB1-E773B806A899}.Debug|Any CPU.ActiveCfg = Debug|iPhoneSimulator
		{29A58B8A-054A-4D88-BBB1-E773B806A899}.Debug|Any CPU.Build.0 = Debug|iPhoneSimulator
		{29A58B8A-054A-4D88-BBB1-E773B806A899}.Debug|iPhone.ActiveCfg = Debug|iPhone
		{29A58B8A-054A-4D88-BBB1-E773B806A899}.Debug|iPhone.Build.0 = Debug|iPhone
		{29A58B8A-054A-4D88-BBB1-E773B806A899}.Debug|iPhoneSimulator.ActiveCfg = Debug|iPhoneSimulator
		{29A58B8A-054A-4D88-BBB1-E773B806A899}.Debug|iPhoneSimulator.Build.0 = Debug|iPhoneSimulator
		{29A58B8A-054A-4D88-BBB1-E773B806A899}.Release|Any CPU.ActiveCfg = Release|iPhone
		{29A58B8A-054A-4D88-BBB1-E773B806A899}.Release|Any CPU.Build.0 = Release|iPhone
		{29A58B8A-054A-4D88-BBB1-E773B806A899}.Release|iPhone.ActiveCfg = Release|iPhone
		{29A58B8A-054A-4D88-BBB1-E773B806A899}.Release|iPhone.Build.0 = Release|iPhone
		{29A58B8A-054A-4D88-BBB1-E773B806A899}.Release|iPhoneSimulator.ActiveCfg = Release|iPhoneSimulator
		{29A58B8A-054A-4D88-BBB1-E773B806A899}.Release|iPhoneSimulator.Build.0 = Release|iPhoneSimulator
	EndGlobalSection
	GlobalSection(SolutionProperties) = preSolution
		HideSolutionNode = FALSE
	EndGlobalSection
	GlobalSection(ExtensibilityGlobals) = postSolution
		SolutionGuid = {8D2AA483-CC51-450A-B39C-BC57C5FAC39C}
	EndGlobalSection
EndGlobal
