
Microsoft Visual Studio Solution File, Format Version 12.00
# Visual Studio 15
VisualStudioVersion = 15.0.28307.421
MinimumVisualStudioVersion = 10.0.40219.1
Project("{FAE04EC0-301F-11D3-BF4B-00C04F79EFBC}") = "FirstWebService", "FirstWebService\FirstWebService.csproj", "{70884006-6D82-497E-BEA9-2F9961FCCC4D}"
EndProject
Project("{FAE04EC0-301F-11D3-BF4B-00C04F79EFBC}") = "Library", "Library\Library.csproj", "{58FB2353-26E0-4A67-AB86-737D6F8B2904}"
EndProject
Project("{FAE04EC0-301F-11D3-BF4B-00C04F79EFBC}") = "LibraryClient", "LibraryClient\LibraryClient.csproj", "{8FF77A3F-D5A6-4C89-8337-CC70AC7DE2E3}"
EndProject
Global
	GlobalSection(SolutionConfigurationPlatforms) = preSolution
		Debug|Any CPU = Debug|Any CPU
		Release|Any CPU = Release|Any CPU
	EndGlobalSection
	GlobalSection(ProjectConfigurationPlatforms) = postSolution
		{70884006-6D82-497E-BEA9-2F9961FCCC4D}.Debug|Any CPU.ActiveCfg = Debug|Any CPU
		{70884006-6D82-497E-BEA9-2F9961FCCC4D}.Debug|Any CPU.Build.0 = Debug|Any CPU
		{70884006-6D82-497E-BEA9-2F9961FCCC4D}.Release|Any CPU.ActiveCfg = Release|Any CPU
		{70884006-6D82-497E-BEA9-2F9961FCCC4D}.Release|Any CPU.Build.0 = Release|Any CPU
		{58FB2353-26E0-4A67-AB86-737D6F8B2904}.Debug|Any CPU.ActiveCfg = Debug|Any CPU
		{58FB2353-26E0-4A67-AB86-737D6F8B2904}.Debug|Any CPU.Build.0 = Debug|Any CPU
		{58FB2353-26E0-4A67-AB86-737D6F8B2904}.Release|Any CPU.ActiveCfg = Release|Any CPU
		{58FB2353-26E0-4A67-AB86-737D6F8B2904}.Release|Any CPU.Build.0 = Release|Any CPU
		{8FF77A3F-D5A6-4C89-8337-CC70AC7DE2E3}.Debug|Any CPU.ActiveCfg = Debug|Any CPU
		{8FF77A3F-D5A6-4C89-8337-CC70AC7DE2E3}.Debug|Any CPU.Build.0 = Debug|Any CPU
		{8FF77A3F-D5A6-4C89-8337-CC70AC7DE2E3}.Release|Any CPU.ActiveCfg = Release|Any CPU
		{8FF77A3F-D5A6-4C89-8337-CC70AC7DE2E3}.Release|Any CPU.Build.0 = Release|Any CPU
	EndGlobalSection
	GlobalSection(SolutionProperties) = preSolution
		HideSolutionNode = FALSE
	EndGlobalSection
	GlobalSection(ExtensibilityGlobals) = postSolution
		SolutionGuid = {D19322D5-953B-4774-9B35-DF7AE57FD605}
	EndGlobalSection
EndGlobal
